
Microsoft Visual Studio Solution File, Format Version 12.00
# Visual Studio Version 16
VisualStudioVersion = 16.0.29613.14
MinimumVisualStudioVersion = 10.0.40219.1
Project("{FAE04EC0-301F-11D3-BF4B-00C04F79EFBC}") = "observer", "observer\observer.csproj", "{630F52D6-FDC8-42D0-8351-CC0B3F9CA60C}"
EndProject
Global
	GlobalSection(SolutionConfigurationPlatforms) = preSolution
		Debug|Any CPU = Debug|Any CPU
		Release|Any CPU = Release|Any CPU
	EndGlobalSection
	GlobalSection(ProjectConfigurationPlatforms) = postSolution
		{630F52D6-FDC8-42D0-8351-CC0B3F9CA60C}.Debug|Any CPU.ActiveCfg = Debug|Any CPU
		{630F52D6-FDC8-42D0-8351-CC0B3F9CA60C}.Debug|Any CPU.Build.0 = Debug|Any CPU
		{630F52D6-FDC8-42D0-8351-CC0B3F9CA60C}.Release|Any CPU.ActiveCfg = Release|Any CPU
		{630F52D6-FDC8-42D0-8351-CC0B3F9CA60C}.Release|Any CPU.Build.0 = Release|Any CPU
	EndGlobalSection
	GlobalSection(SolutionProperties) = preSolution
		HideSolutionNode = FALSE
	EndGlobalSection
	GlobalSection(ExtensibilityGlobals) = postSolution
		SolutionGuid = {ADBAB927-A3E0-46DD-87C3-44DA7FD8E681}
	EndGlobalSection
EndGlobal
